	<Project xmlns="http://schemas.microsoft.com/developer/msbuild/2003">
		<PropertyGroup>
			<ProjectGuid>{5975D758-F808-49B8-9CBA-B5B6D2CCFFF2}</ProjectGuid>
			<MainSource>AudioIO_DXE2.dpk</MainSource>
			<Base>True</Base>
			<Config Condition="'$(Config)'==''">Debug</Config>
			<TargetedPlatforms>1</TargetedPlatforms>
			<AppType>Package</AppType>
			<FrameworkType>None</FrameworkType>
			<ProjectVersion>13.4</ProjectVersion>
			<Platform Condition="'$(Platform)'==''">Win32</Platform>
		</PropertyGroup>
		<PropertyGroup Condition="'$(Config)'=='Base' or '$(Base)'!=''">
			<Base>true</Base>
		</PropertyGroup>
		<PropertyGroup Condition="('$(Platform)'=='Win32' and '$(Base)'=='true') or '$(Base_Win32)'!=''">
			<Base_Win32>true</Base_Win32>
			<CfgParent>Base</CfgParent>
			<Base>true</Base>
		</PropertyGroup>
		<PropertyGroup Condition="'$(Config)'=='Release' or '$(Cfg_1)'!=''">
			<Cfg_1>true</Cfg_1>
			<CfgParent>Base</CfgParent>
			<Base>true</Base>
		</PropertyGroup>
		<PropertyGroup Condition="'$(Config)'=='Debug' or '$(Cfg_2)'!=''">
			<Cfg_2>true</Cfg_2>
			<CfgParent>Base</CfgParent>
			<Base>true</Base>
		</PropertyGroup>
		<PropertyGroup Condition="('$(Platform)'=='Win32' and '$(Cfg_2)'=='true') or '$(Cfg_2_Win32)'!=''">
			<Cfg_2_Win32>true</Cfg_2_Win32>
			<CfgParent>Cfg_2</CfgParent>
			<Cfg_2>true</Cfg_2>
			<Base>true</Base>
		</PropertyGroup>
		<Import Condition="'$(Base)'!='' And Exists('..\..\SharedPackage.optset')" Project="..\..\SharedPackage.optset"/>
		<PropertyGroup Condition="'$(Base)'!=''">
			<RuntimeOnlyPackage>true</RuntimeOnlyPackage>
			<DCC_OutputNeverBuildDcps>true</DCC_OutputNeverBuildDcps>
			<DCC_UsePackage>rtl;$(DCC_UsePackage)</DCC_UsePackage>
			<VerInfo_Locale>1033</VerInfo_Locale>
			<DCC_S>false</DCC_S>
			<DCC_F>false</DCC_F>
			<DCC_K>false</DCC_K>
			<GenPackage>true</GenPackage>
			<DCC_ImageBase>00400000</DCC_ImageBase>
			<DCC_E>false</DCC_E>
			<DCC_N>false</DCC_N>
			<GenDll>true</GenDll>
			<DCC_Namespace>System;Xml;Data;Datasnap;Web;Soap;$(DCC_Namespace)</DCC_Namespace>
			<VerInfo_Keys>CompanyName=;FileDescription=;FileVersion=1.0.0.0;InternalName=;LegalCopyright=;LegalTrademarks=;OriginalFilename=;ProductName=;ProductVersion=1.0.0.0;Comments=</VerInfo_Keys>
			<CfgDependentOn>..\..\SharedPackage.optset</CfgDependentOn>
		</PropertyGroup>
		<PropertyGroup Condition="'$(Base_Win32)'!=''">
			<DCC_UsePackage>VamLib;$(DCC_UsePackage)</DCC_UsePackage>
			<VerInfo_Locale>1033</VerInfo_Locale>
			<VerInfo_IncludeVerInfo>true</VerInfo_IncludeVerInfo>
			<VerInfo_Keys>CompanyName=;FileDescription=;FileVersion=1.0.0.0;InternalName=;LegalCopyright=;LegalTrademarks=;OriginalFilename=;ProductName=;ProductVersion=1.0.0.0;Comments=</VerInfo_Keys>
			<DCC_Namespace>System.Win;Data.Win;Datasnap.Win;Web.Win;Soap.Win;Xml.Win;Bde;$(DCC_Namespace)</DCC_Namespace>
		</PropertyGroup>
		<PropertyGroup Condition="'$(Cfg_1)'!=''">
			<DCC_SymbolReferenceInfo>0</DCC_SymbolReferenceInfo>
			<DCC_DebugInformation>false</DCC_DebugInformation>
			<DCC_Define>RELEASE;$(DCC_Define)</DCC_Define>
			<DCC_LocalDebugSymbols>false</DCC_LocalDebugSymbols>
		</PropertyGroup>
		<PropertyGroup Condition="'$(Cfg_2)'!=''">
			<DCC_GenerateStackFrames>true</DCC_GenerateStackFrames>
			<DCC_Define>DEBUG;$(DCC_Define)</DCC_Define>
			<DCC_Optimize>false</DCC_Optimize>
		</PropertyGroup>
		<PropertyGroup Condition="'$(Cfg_2_Win32)'!=''">
			<VerInfo_IncludeVerInfo>true</VerInfo_IncludeVerInfo>
		</PropertyGroup>
		<ItemGroup>
			<DelphiCompile Include="$(MainSource)">
				<MainSource>MainSource</MainSource>
			</DelphiCompile>
			<DCCReference Include="rtl.dcp"/>
			<DCCReference Include="VamLib.dcp"/>
			<DCCReference Include="..\source\AudioIO_AiffLowLevel.pas"/>
			<DCCReference Include="..\source\AudioIO_Snd.pas"/>
			<DCCReference Include="..\source\AudioIO_SndLowLevel.pas"/>
			<DCCReference Include="..\source\AudioIO_Wave.pas"/>
			<DCCReference Include="..\source\AudioIO_WaveLowLevel.pas"/>
			<DCCReference Include="..\source\AudioIO.pas"/>
			<DCCReference Include="..\source\AudioIO_Aiff.pas"/>
			<DCCReference Include="..\source\AudioIO_EndianConversion.pas"/>
			<DCCReference Include="..\source\thirdparty\AudioIO_ExtendedX87.pas"/>
			<DCCReference Include="..\source\AudioIO_WinFile.pas"/>
			<DCCReference Include="..\source\AudioIO_Mp3.pas"/>
			<DCCReference Include="..\source\AudioIO_WavPack.pas"/>
			<DCCReference Include="..\source\AudioIO_WindowedSincFilter.pas"/>
			<DCCReference Include="..\source\AudioIO_WindowedSincResampler.pas"/>
			<DCCReference Include="..\source\AudioIO_DSP.pas"/>
			<DCCReference Include="..\source\AudioIO_Resampler_r8brain.pas"/>
			<DCCReference Include="..\source\thirdparty\r8brain-free\AudioIO_r8bsrc.pas"/>
			<BuildConfiguration Include="Debug">
				<Key>Cfg_2</Key>
				<CfgParent>Base</CfgParent>
			</BuildConfiguration>
			<BuildConfiguration Include="Base">
				<Key>Base</Key>
				<DependentOn>..\..\SharedPackage.optset</DependentOn>
			</BuildConfiguration>
			<BuildConfiguration Include="Release">
				<Key>Cfg_1</Key>
				<CfgParent>Base</CfgParent>
			</BuildConfiguration>
		</ItemGroup>
		<ProjectExtensions>
			<Borland.Personality>Delphi.Personality.12</Borland.Personality>
			<Borland.ProjectType>Package</Borland.ProjectType>
			<BorlandProject>
				<Delphi.Personality>
					<Source>
						<Source Name="MainSource">AudioIO_DXE2.dpk</Source>
					</Source>
					<VersionInfo>
						<VersionInfo Name="IncludeVerInfo">True</VersionInfo>
						<VersionInfo Name="AutoIncBuild">False</VersionInfo>
						<VersionInfo Name="MajorVer">1</VersionInfo>
						<VersionInfo Name="MinorVer">0</VersionInfo>
						<VersionInfo Name="Release">0</VersionInfo>
						<VersionInfo Name="Build">0</VersionInfo>
						<VersionInfo Name="Debug">False</VersionInfo>
						<VersionInfo Name="PreRelease">False</VersionInfo>
						<VersionInfo Name="Special">False</VersionInfo>
						<VersionInfo Name="Private">False</VersionInfo>
						<VersionInfo Name="DLL">False</VersionInfo>
						<VersionInfo Name="Locale">1033</VersionInfo>
						<VersionInfo Name="CodePage">1252</VersionInfo>
					</VersionInfo>
					<VersionInfoKeys>
						<VersionInfoKeys Name="CompanyName"/>
						<VersionInfoKeys Name="FileDescription"/>
						<VersionInfoKeys Name="FileVersion">1.0.0.0</VersionInfoKeys>
						<VersionInfoKeys Name="InternalName"/>
						<VersionInfoKeys Name="LegalCopyright"/>
						<VersionInfoKeys Name="LegalTrademarks"/>
						<VersionInfoKeys Name="OriginalFilename"/>
						<VersionInfoKeys Name="ProductName"/>
						<VersionInfoKeys Name="ProductVersion">1.0.0.0</VersionInfoKeys>
						<VersionInfoKeys Name="Comments"/>
					</VersionInfoKeys>
					<Excluded_Packages>
						<Excluded_Packages Name="S:\Bin\Delphi XE2\Bpl\Win32\ThirdPartyLibs.bpl">(untitled)</Excluded_Packages>
						<Excluded_Packages Name="S:\Bin\Delphi XE2\Bpl\Win32\LucidityBaseClasses.bpl">File S:\Bin\Delphi XE2\Bpl\Win32\LucidityBaseClasses.bpl not found</Excluded_Packages>
						<Excluded_Packages Name="$(BDSBIN)\DclMtxCore416.bpl">Dew MtxVec v4</Excluded_Packages>
						<Excluded_Packages Name="$(BDSBIN)\DclMtxDB416.bpl">Dew MtxVec v4 DB</Excluded_Packages>
						<Excluded_Packages Name="$(BDSBIN)\DclSignalTool416.bpl">Dew DSP Master v4</Excluded_Packages>
						<Excluded_Packages Name="S:\Bin\Delphi XE2\bpl\Win32\OmniThreadLibraryDesigntimeXE2.bpl">OmniThreadLibrary designtime</Excluded_Packages>
						<Excluded_Packages Name="S:\Bin\Delphi XE2\bpl\Win32\VamLib_Design.bpl">File S:\Bin\Delphi XE2\bpl\Win32\VamLib_Design.bpl not found</Excluded_Packages>
						<Excluded_Packages Name="$(BDSBIN)\dcloffice2k160.bpl">Microsoft Office 2000 Sample Automation Server Wrapper Components</Excluded_Packages>
						<Excluded_Packages Name="$(BDSBIN)\dclofficexp160.bpl">Microsoft Office XP Sample Automation Server Wrapper Components</Excluded_Packages>
					</Excluded_Packages>
				</Delphi.Personality>
				<Platforms>
					<Platform value="Win64">False</Platform>
					<Platform value="OSX32">False</Platform>
					<Platform value="Win32">True</Platform>
				</Platforms>
			</BorlandProject>
			<ProjectFileVersion>12</ProjectFileVersion>
		</ProjectExtensions>
		<Import Condition="Exists('$(BDS)\Bin\CodeGear.Delphi.Targets')" Project="$(BDS)\Bin\CodeGear.Delphi.Targets"/>
		<Import Condition="Exists('$(APPDATA)\Embarcadero\$(BDSAPPDATABASEDIR)\$(PRODUCTVERSION)\UserTools.proj')" Project="$(APPDATA)\Embarcadero\$(BDSAPPDATABASEDIR)\$(PRODUCTVERSION)\UserTools.proj"/>
	</Project>
