	<Project xmlns="http://schemas.microsoft.com/developer/msbuild/2003">
		<PropertyGroup>
			<ProjectGuid>{0CA99089-FE4B-4960-BCFD-761A4867EE10}</ProjectGuid>
			<MainSource>VamBasicRunXE2.dpk</MainSource>
			<ProjectVersion>13.4</ProjectVersion>
			<FrameworkType>VCL</FrameworkType>
			<Base>True</Base>
			<Config Condition="'$(Config)'==''">Debug</Config>
			<Platform Condition="'$(Platform)'==''">Win32</Platform>
			<TargetedPlatforms>3</TargetedPlatforms>
			<AppType>Package</AppType>
		</PropertyGroup>
		<PropertyGroup Condition="'$(Config)'=='Base' or '$(Base)'!=''">
			<Base>true</Base>
		</PropertyGroup>
		<PropertyGroup Condition="('$(Platform)'=='Win64' and '$(Base)'=='true') or '$(Base_Win64)'!=''">
			<Base_Win64>true</Base_Win64>
			<CfgParent>Base</CfgParent>
			<Base>true</Base>
		</PropertyGroup>
		<PropertyGroup Condition="('$(Platform)'=='Win32' and '$(Base)'=='true') or '$(Base_Win32)'!=''">
			<Base_Win32>true</Base_Win32>
			<CfgParent>Base</CfgParent>
			<Base>true</Base>
		</PropertyGroup>
		<PropertyGroup Condition="'$(Config)'=='Debug' or '$(Cfg_1)'!=''">
			<Cfg_1>true</Cfg_1>
			<CfgParent>Base</CfgParent>
			<Base>true</Base>
		</PropertyGroup>
		<PropertyGroup Condition="('$(Platform)'=='Win32' and '$(Cfg_1)'=='true') or '$(Cfg_1_Win32)'!=''">
			<Cfg_1_Win32>true</Cfg_1_Win32>
			<CfgParent>Cfg_1</CfgParent>
			<Cfg_1>true</Cfg_1>
			<Base>true</Base>
		</PropertyGroup>
		<PropertyGroup Condition="'$(Config)'=='Release' or '$(Cfg_2)'!=''">
			<Cfg_2>true</Cfg_2>
			<CfgParent>Base</CfgParent>
			<Base>true</Base>
		</PropertyGroup>
		<Import Condition="'$(Base)'!='' And Exists('..\..\..\..\Basic Paths.optset')" Project="..\..\..\..\Basic Paths.optset"/>
		<PropertyGroup Condition="'$(Base)'!=''">
			<DCC_OutputNeverBuildDcps>true</DCC_OutputNeverBuildDcps>
			<VerInfo_Keys>CompanyName=;FileDescription=;FileVersion=1.0.0.0;InternalName=;LegalCopyright=;LegalTrademarks=;OriginalFilename=;ProductName=;ProductVersion=1.0.0.0</VerInfo_Keys>
			<VerInfo_Locale>1033</VerInfo_Locale>
			<DCC_UsePackage>rtl;$(DCC_UsePackage)</DCC_UsePackage>
			<DCC_CBuilderOutput>All</DCC_CBuilderOutput>
			<GenPackage>true</GenPackage>
			<GenDll>true</GenDll>
			<DCC_Namespace>System;Xml;Data;Datasnap;Web;Soap;Vcl;Vcl.Imaging;Vcl.Touch;Vcl.Samples;Vcl.Shell;$(DCC_Namespace)</DCC_Namespace>
			<DCC_ExeOutput>.\$(Platform)\$(Config)</DCC_ExeOutput>
			<DCC_E>false</DCC_E>
			<DCC_N>false</DCC_N>
			<DCC_S>false</DCC_S>
			<DCC_F>false</DCC_F>
			<DCC_K>false</DCC_K>
			<CfgDependentOn>..\..\..\..\Basic Paths.optset</CfgDependentOn>
		</PropertyGroup>
		<PropertyGroup Condition="'$(Base_Win64)'!=''">
			<VerInfo_IncludeVerInfo>true</VerInfo_IncludeVerInfo>
			<DCC_Namespace>System.Win;Data.Win;Datasnap.Win;Web.Win;Soap.Win;Xml.Win;$(DCC_Namespace)</DCC_Namespace>
			<VerInfo_Keys>CompanyName=;FileDescription=;FileVersion=1.0.0.0;InternalName=;LegalCopyright=;LegalTrademarks=;OriginalFilename=;ProductName=;ProductVersion=1.0.0.0;Comments=</VerInfo_Keys>
		</PropertyGroup>
		<PropertyGroup Condition="'$(Base_Win32)'!=''">
			<DCC_UsePackage>RedFoxRunXE2;RedFoxDesignXE2;RedFoxDesXE2;$(DCC_UsePackage)</DCC_UsePackage>
			<VerInfo_IncludeVerInfo>true</VerInfo_IncludeVerInfo>
			<DCC_Namespace>System.Win;Data.Win;Datasnap.Win;Web.Win;Soap.Win;Xml.Win;Bde;$(DCC_Namespace)</DCC_Namespace>
			<VerInfo_Locale>1033</VerInfo_Locale>
			<VerInfo_Keys>CompanyName=;FileDescription=;FileVersion=1.0.0.0;InternalName=;LegalCopyright=;LegalTrademarks=;OriginalFilename=;ProductName=;ProductVersion=1.0.0.0;Comments=</VerInfo_Keys>
		</PropertyGroup>
		<PropertyGroup Condition="'$(Cfg_1)'!=''">
			<DCC_Define>DEBUG;$(DCC_Define)</DCC_Define>
			<DCC_Optimize>false</DCC_Optimize>
			<DCC_GenerateStackFrames>true</DCC_GenerateStackFrames>
			<DCC_DebugInfoInExe>true</DCC_DebugInfoInExe>
			<DCC_RemoteDebug>true</DCC_RemoteDebug>
		</PropertyGroup>
		<PropertyGroup Condition="'$(Cfg_1_Win32)'!=''">
			<VerInfo_IncludeVerInfo>true</VerInfo_IncludeVerInfo>
			<VerInfo_Keys>CompanyName=;FileDescription=;FileVersion=1.0.0.0;InternalName=;LegalCopyright=;LegalTrademarks=;OriginalFilename=;ProductName=;ProductVersion=1.0.0.0;Comments=</VerInfo_Keys>
			<DCC_RemoteDebug>false</DCC_RemoteDebug>
		</PropertyGroup>
		<PropertyGroup Condition="'$(Cfg_2)'!=''">
			<DCC_LocalDebugSymbols>false</DCC_LocalDebugSymbols>
			<DCC_Define>RELEASE;$(DCC_Define)</DCC_Define>
			<DCC_SymbolReferenceInfo>0</DCC_SymbolReferenceInfo>
			<DCC_DebugInformation>false</DCC_DebugInformation>
		</PropertyGroup>
		<ItemGroup>
			<DelphiCompile Include="$(MainSource)">
				<MainSource>MainSource</MainSource>
			</DelphiCompile>
			<DCCReference Include="rtl.dcp"/>
			<DCCReference Include="RedFoxRunXE2.dcp"/>
			<DCCReference Include="Spring.Base.dcp"/>
			<DCCReference Include="..\source\VamLabel.pas"/>
			<DCCReference Include="..\source\VamScrollBar.pas"/>
			<DCCReference Include="..\source\VamPanel.pas"/>
			<DCCReference Include="..\source\VamGraphicControl.pas"/>
			<DCCReference Include="..\source\VamWinControl.pas"/>
			<DCCReference Include="..\source\VamVisibleControl.pas"/>
			<DCCReference Include="..\source\VamScrollBox.pas"/>
			<DCCReference Include="..\source\VamTreeView.pas"/>
			<DCCReference Include="..\source\VamTreeViewNode.pas"/>
			<DCCReference Include="..\source\VamCustomTreeView.pas"/>
			<DCCReference Include="..\source\VamSamplerKeys.pas"/>
			<DCCReference Include="..\source\VamSampleMap.pas"/>
			<DCCReference Include="..\source\VamDiv.pas"/>
			<DCCReference Include="..\source\VamScrollPanel.pas"/>
			<DCCReference Include="..\source\VamSampleDisplayBackBuffer.pas"/>
			<DCCReference Include="..\source\VamSampleDisplay.pas"/>
			<DCCReference Include="..\source\VamKnob.pas"/>
			<DCCReference Include="..\source\VamModularJack.pas"/>
			<DCCReference Include="..\source\VamButton.pas"/>
			<DCCReference Include="..\source\VamSampleZoomControl.pas"/>
			<DCCReference Include="..\source\VamTextBox.pas"/>
			<DCCReference Include="..\source\VamXYPad.pas"/>
			<DCCReference Include="..\source\VamTabs.pas"/>
			<DCCReference Include="..\source\VamNumericKnob.pas"/>
			<DCCReference Include="..\source\VamKeyStateTracker.pas"/>
			<DCCReference Include="..\source\VamSyncObjects.pas"/>
			<DCCReference Include="..\source\VamArrows.pas"/>
			<DCCReference Include="..\source\VamCompoundNumericKnob.pas"/>
			<DCCReference Include="..\source\VamCompoundLabel.pas"/>
			<DCCReference Include="..\source\VamCompoundModMatrixSection.pas"/>
			<DCCReference Include="..\source\VamLayoutWizard.pas"/>
			<DCCReference Include="..\source\VamTabPanel.pas"/>
			<DCCReference Include="..\source\VamQuery.pas"/>
			<DCCReference Include="..\source\VamMultiLineTextBox.pas"/>
			<DCCReference Include="..\source\VamStatusLed.pas"/>
			<DCCReference Include="..\source\VamSampleMap.Sorting.pas"/>
			<DCCReference Include="..\source\VamMemo.pas"/>
			<DCCReference Include="..\source\VamImage.pas"/>
			<DCCReference Include="..\source\VamSlider.pas"/>
			<DCCReference Include="..\source\VamSamplePeakBuffer.pas"/>
			<DCCReference Include="..\source\VamModSelector.pas"/>
			<DCCReference Include="..\source\VamGuiControlInterfaces.pas"/>
			<DCCReference Include="..\source\VamShortMessageOverlay.pas"/>
			<DCCReference Include="..\source\VamKnobSmoother.pas"/>
			<DCCReference Include="..\source\VamSliderSwitch.pas"/>
			<DCCReference Include="..\source\VamSampleMap.Movement.pas"/>
			<DCCReference Include="..\source\VamMiniLevelMeter.pas"/>
			<None Include="..\source\TGaphicControlProperties.inc"/>
			<None Include="..\source\TWinControlProperties.inc"/>
			<None Include="..\source\TControlProperties.inc"/>
			<None Include="ModelSupport_VamBasicRunXE2\default.txaPackage"/>
			<None Include="ModelSupport_VamBasicRunXE2\default.txvpck"/>
			<None Include="ModelSupport_VamBasicRunXE2\VamKnob\default.txvpck"/>
			<None Include="ModelSupport_VamBasicRunXE2\VamKnob\default.txaPackage"/>
			<None Include="ModelSupport_VamBasicRunXE2\VamLabel\default.txvpck"/>
			<BuildConfiguration Include="Release">
				<Key>Cfg_2</Key>
				<CfgParent>Base</CfgParent>
			</BuildConfiguration>
			<BuildConfiguration Include="Base">
				<Key>Base</Key>
				<DependentOn>..\..\..\..\Basic Paths.optset</DependentOn>
			</BuildConfiguration>
			<BuildConfiguration Include="Debug">
				<Key>Cfg_1</Key>
				<CfgParent>Base</CfgParent>
			</BuildConfiguration>
		</ItemGroup>
		<ProjectExtensions>
			<Borland.Personality>Delphi.Personality.12</Borland.Personality>
			<Borland.ProjectType>Package</Borland.ProjectType>
			<BorlandProject>
				<Delphi.Personality>
					<Source>
						<Source Name="MainSource">VamBasicRunXE2.dpk</Source>
					</Source>
					<VersionInfo>
						<VersionInfo Name="IncludeVerInfo">True</VersionInfo>
						<VersionInfo Name="AutoIncBuild">False</VersionInfo>
						<VersionInfo Name="MajorVer">1</VersionInfo>
						<VersionInfo Name="MinorVer">0</VersionInfo>
						<VersionInfo Name="Release">0</VersionInfo>
						<VersionInfo Name="Build">0</VersionInfo>
						<VersionInfo Name="Debug">False</VersionInfo>
						<VersionInfo Name="PreRelease">False</VersionInfo>
						<VersionInfo Name="Special">False</VersionInfo>
						<VersionInfo Name="Private">False</VersionInfo>
						<VersionInfo Name="DLL">False</VersionInfo>
						<VersionInfo Name="Locale">1033</VersionInfo>
						<VersionInfo Name="CodePage">1252</VersionInfo>
					</VersionInfo>
					<VersionInfoKeys>
						<VersionInfoKeys Name="CompanyName"/>
						<VersionInfoKeys Name="FileDescription"/>
						<VersionInfoKeys Name="FileVersion">1.0.0.0</VersionInfoKeys>
						<VersionInfoKeys Name="InternalName"/>
						<VersionInfoKeys Name="LegalCopyright"/>
						<VersionInfoKeys Name="LegalTrademarks"/>
						<VersionInfoKeys Name="OriginalFilename"/>
						<VersionInfoKeys Name="ProductName"/>
						<VersionInfoKeys Name="ProductVersion">1.0.0.0</VersionInfoKeys>
						<VersionInfoKeys Name="Comments"/>
					</VersionInfoKeys>
					<Excluded_Packages>
						<Excluded_Packages Name="$(BDSBIN)\DclMtxCore416.bpl">Dew MtxVec v4</Excluded_Packages>
						<Excluded_Packages Name="$(BDSBIN)\DclMtxDB416.bpl">Dew MtxVec v4 DB</Excluded_Packages>
						<Excluded_Packages Name="$(BDSBIN)\DclSignalTool416.bpl">Dew DSP Master v4</Excluded_Packages>
						<Excluded_Packages Name="S:\Bin\Delphi XE2\bpl\Win32\OmniThreadLibraryDesigntimeXE2.bpl">OmniThreadLibrary designtime</Excluded_Packages>
						<Excluded_Packages Name="S:\Bin\Delphi XE2\bpl\Win32\DragDropDXE2.bpl">Drag and Drop Component Suite</Excluded_Packages>
						<Excluded_Packages Name="S:\Bin\Delphi XE2\bpl\Win32\AggPasDesXE2.bpl">Anti-Grain Geometry Design Time Package</Excluded_Packages>
						<Excluded_Packages Name="S:\Bin\Delphi XE2\bpl\Win32\VamLib_Design.bpl">(untitled)</Excluded_Packages>
						<Excluded_Packages Name="$(BDSBIN)\dcloffice2k160.bpl">Microsoft Office 2000 Sample Automation Server Wrapper Components</Excluded_Packages>
						<Excluded_Packages Name="$(BDSBIN)\dclofficexp160.bpl">Microsoft Office XP Sample Automation Server Wrapper Components</Excluded_Packages>
					</Excluded_Packages>
				</Delphi.Personality>
				<Deployment/>
				<Platforms>
					<Platform value="Win64">True</Platform>
					<Platform value="OSX32">False</Platform>
					<Platform value="Win32">True</Platform>
				</Platforms>
				<ModelSupport>True</ModelSupport>
			</BorlandProject>
			<ProjectFileVersion>12</ProjectFileVersion>
		</ProjectExtensions>
		<Import Condition="Exists('$(BDS)\Bin\CodeGear.Delphi.Targets')" Project="$(BDS)\Bin\CodeGear.Delphi.Targets"/>
		<Import Condition="Exists('$(APPDATA)\Embarcadero\$(BDSAPPDATABASEDIR)\$(PRODUCTVERSION)\UserTools.proj')" Project="$(APPDATA)\Embarcadero\$(BDSAPPDATABASEDIR)\$(PRODUCTVERSION)\UserTools.proj"/>
	</Project>
