	<Project xmlns="http://schemas.microsoft.com/developer/msbuild/2003">
		<PropertyGroup>
			<ProjectGuid>{E2E0D0DA-0109-49D0-A375-CC8BBDFA3882}</ProjectGuid>
			<MainSource>ThirdPartyLibs.dpk</MainSource>
			<ProjectVersion>13.4</ProjectVersion>
			<FrameworkType>None</FrameworkType>
			<Base>True</Base>
			<Config Condition="'$(Config)'==''">Debug</Config>
			<Platform Condition="'$(Platform)'==''">Win32</Platform>
			<TargetedPlatforms>1</TargetedPlatforms>
			<AppType>Package</AppType>
		</PropertyGroup>
		<PropertyGroup Condition="'$(Config)'=='Base' or '$(Base)'!=''">
			<Base>true</Base>
		</PropertyGroup>
		<PropertyGroup Condition="('$(Platform)'=='Win64' and '$(Base)'=='true') or '$(Base_Win64)'!=''">
			<Base_Win64>true</Base_Win64>
			<CfgParent>Base</CfgParent>
			<Base>true</Base>
		</PropertyGroup>
		<PropertyGroup Condition="('$(Platform)'=='Win32' and '$(Base)'=='true') or '$(Base_Win32)'!=''">
			<Base_Win32>true</Base_Win32>
			<CfgParent>Base</CfgParent>
			<Base>true</Base>
		</PropertyGroup>
		<PropertyGroup Condition="'$(Config)'=='Debug' or '$(Cfg_1)'!=''">
			<Cfg_1>true</Cfg_1>
			<CfgParent>Base</CfgParent>
			<Base>true</Base>
		</PropertyGroup>
		<PropertyGroup Condition="('$(Platform)'=='Win32' and '$(Cfg_1)'=='true') or '$(Cfg_1_Win32)'!=''">
			<Cfg_1_Win32>true</Cfg_1_Win32>
			<CfgParent>Cfg_1</CfgParent>
			<Cfg_1>true</Cfg_1>
			<Base>true</Base>
		</PropertyGroup>
		<PropertyGroup Condition="'$(Config)'=='Release' or '$(Cfg_2)'!=''">
			<Cfg_2>true</Cfg_2>
			<CfgParent>Base</CfgParent>
			<Base>true</Base>
		</PropertyGroup>
		<Import Condition="'$(Base)'!='' And Exists('..\..\Basic Paths.optset')" Project="..\..\Basic Paths.optset"/>
		<Import Condition="'$(Base)'!='' And Exists('ThirdyPartyLibs.optset')" Project="ThirdyPartyLibs.optset"/>
		<PropertyGroup Condition="'$(Base)'!=''">
			<GenPackage>true</GenPackage>
			<DCC_Namespace>System;Xml;Data;Datasnap;Web;Soap;$(DCC_Namespace)</DCC_Namespace>
			<DCC_CBuilderOutput>All</DCC_CBuilderOutput>
			<DCC_OutputNeverBuildDcps>true</DCC_OutputNeverBuildDcps>
			<DCC_UsePackage>rtl;$(DCC_UsePackage)</DCC_UsePackage>
			<GenDll>true</GenDll>
			<DCC_ExeOutput>.\$(Platform)\$(Config)</DCC_ExeOutput>
			<DCC_E>false</DCC_E>
			<DCC_N>false</DCC_N>
			<DCC_S>false</DCC_S>
			<DCC_F>false</DCC_F>
			<DCC_K>false</DCC_K>
			<CfgDependentOn>..\..\Basic Paths.optset;ThirdyPartyLibs.optset</CfgDependentOn>
		</PropertyGroup>
		<PropertyGroup Condition="'$(Base_Win64)'!=''">
			<DCC_UsePackage>vclimg;vcl;$(DCC_UsePackage)</DCC_UsePackage>
		</PropertyGroup>
		<PropertyGroup Condition="'$(Base_Win32)'!=''">
			<VerInfo_Locale>1033</VerInfo_Locale>
			<VerInfo_IncludeVerInfo>true</VerInfo_IncludeVerInfo>
			<DCC_Namespace>Winapi;System.Win;Data.Win;Datasnap.Win;Web.Win;Soap.Win;Xml.Win;Bde;$(DCC_Namespace)</DCC_Namespace>
			<DCC_UsePackage>vclimg;vcl;$(DCC_UsePackage)</DCC_UsePackage>
			<VerInfo_Keys>CompanyName=;FileDescription=;FileVersion=1.0.0.0;InternalName=;LegalCopyright=;LegalTrademarks=;OriginalFilename=;ProductName=;ProductVersion=1.0.0.0;Comments=</VerInfo_Keys>
		</PropertyGroup>
		<PropertyGroup Condition="'$(Cfg_1)'!=''">
			<DCC_Define>DEBUG;$(DCC_Define)</DCC_Define>
			<DCC_Optimize>false</DCC_Optimize>
			<DCC_GenerateStackFrames>true</DCC_GenerateStackFrames>
			<DCC_DebugInfoInExe>true</DCC_DebugInfoInExe>
			<DCC_RemoteDebug>true</DCC_RemoteDebug>
		</PropertyGroup>
		<PropertyGroup Condition="'$(Cfg_1_Win32)'!=''">
			<VerInfo_IncludeVerInfo>true</VerInfo_IncludeVerInfo>
			<VerInfo_Locale>1033</VerInfo_Locale>
			<DCC_RemoteDebug>false</DCC_RemoteDebug>
		</PropertyGroup>
		<PropertyGroup Condition="'$(Cfg_2)'!=''">
			<DCC_LocalDebugSymbols>false</DCC_LocalDebugSymbols>
			<DCC_Define>RELEASE;$(DCC_Define)</DCC_Define>
			<DCC_SymbolReferenceInfo>0</DCC_SymbolReferenceInfo>
			<DCC_DebugInformation>false</DCC_DebugInformation>
		</PropertyGroup>
		<ItemGroup>
			<DelphiCompile Include="$(MainSource)">
				<MainSource>MainSource</MainSource>
			</DelphiCompile>
			<DCCReference Include="JCL\source\vcl\JclOpenDialog.res"/>
			<DCCReference Include="JCL\source\windows\JclCommCtrlAdmin.res"/>
			<DCCReference Include="JCL\source\windows\JclCommCtrlAsInvoker.res"/>
			<DCCReference Include="JCL\source\windows\JclNoDepAdmin.res"/>
			<DCCReference Include="JCL\source\windows\JclNoDepAsInvoker.res"/>
			<DCCReference Include="JCL\source\common\JclUnicodeBZip2.res"/>
			<DCCReference Include="JCL\source\common\JclUnicodeZLib.res"/>
			<DCCReference Include="rtl.dcp"/>
			<DCCReference Include="vclimg.dcp"/>
			<DCCReference Include="vcl.dcp"/>
			<DCCReference Include="JCL\source\vcl\JclFont.pas"/>
			<DCCReference Include="JCL\source\vcl\JclGraphics.pas"/>
			<DCCReference Include="JCL\source\vcl\JclGraphUtils.pas"/>
			<DCCReference Include="JCL\source\vcl\JclOpenDialogFavorites.pas"/>
			<DCCReference Include="JCL\source\vcl\JclOpenDialogHooks.pas"/>
			<DCCReference Include="JCL\source\vcl\JclPrint.pas"/>
			<DCCReference Include="JCL\source\vcl\JclVclResources.pas"/>
			<DCCReference Include="JCL\source\vcl\JclVersionControl.pas"/>
			<DCCReference Include="JCL\source\vcl\JclVersionCtrlCVSImpl.pas"/>
			<DCCReference Include="JCL\source\vcl\JclVersionCtrlGITImpl.pas"/>
			<DCCReference Include="JCL\source\vcl\JclVersionCtrlSVNImpl.pas"/>
			<DCCReference Include="JCL\source\windows\Hardlinks.pas"/>
			<DCCReference Include="JCL\source\windows\JclAppInst.pas"/>
			<DCCReference Include="JCL\source\windows\JclCIL.pas"/>
			<DCCReference Include="JCL\source\windows\JclCLR.pas"/>
			<DCCReference Include="JCL\source\windows\JclCOM.pas"/>
			<DCCReference Include="JCL\source\windows\JclConsole.pas"/>
			<DCCReference Include="JCL\source\windows\JclCppException.pas"/>
			<DCCReference Include="JCL\source\windows\JclDebug.pas"/>
			<DCCReference Include="JCL\source\windows\JclDebugSerialization.pas"/>
			<DCCReference Include="JCL\source\windows\JclDebugXMLDeserializer.pas"/>
			<DCCReference Include="JCL\source\windows\JclDebugXMLSerializer.pas"/>
			<DCCReference Include="JCL\source\windows\JclDotNet.pas"/>
			<DCCReference Include="JCL\source\windows\JclHelpUtils.pas"/>
			<DCCReference Include="JCL\source\windows\JclHookExcept.pas"/>
			<DCCReference Include="JCL\source\windows\JclLANMan.pas"/>
			<DCCReference Include="JCL\source\windows\JclLocales.pas"/>
			<DCCReference Include="JCL\source\windows\JclMapi.pas"/>
			<DCCReference Include="JCL\source\windows\JclMetadata.pas"/>
			<DCCReference Include="JCL\source\windows\JclMiscel.pas"/>
			<DCCReference Include="JCL\source\windows\JclMsBuild.pas"/>
			<DCCReference Include="JCL\source\windows\JclMsdosSys.pas"/>
			<DCCReference Include="JCL\source\windows\JclMultimedia.pas"/>
			<DCCReference Include="JCL\source\windows\JclNTFS.pas"/>
			<DCCReference Include="JCL\source\windows\JclPeImage.pas"/>
			<DCCReference Include="JCL\source\windows\JclRegistry.pas"/>
			<DCCReference Include="JCL\source\windows\JclSecurity.pas"/>
			<DCCReference Include="JCL\source\windows\JclShell.pas"/>
			<DCCReference Include="JCL\source\windows\JclStructStorage.pas"/>
			<DCCReference Include="JCL\source\windows\JclSvcCtrl.pas"/>
			<DCCReference Include="JCL\source\windows\JclTask.pas"/>
			<DCCReference Include="JCL\source\windows\JclTD32.pas"/>
			<DCCReference Include="JCL\source\windows\JclTimeZones.pas"/>
			<DCCReference Include="JCL\source\windows\JclWin32.pas"/>
			<DCCReference Include="JCL\source\windows\JclWin32Ex.pas"/>
			<DCCReference Include="JCL\source\windows\JclWinMIDI.pas"/>
			<DCCReference Include="JCL\source\windows\mscoree_TLB.pas"/>
			<DCCReference Include="JCL\source\windows\mscorlib_TLB.pas"/>
			<DCCReference Include="JCL\source\windows\MSHelpServices_TLB.pas"/>
			<DCCReference Include="JCL\source\windows\MSTask.pas"/>
			<DCCReference Include="JCL\source\windows\sevenzip.pas"/>
			<DCCReference Include="JCL\source\windows\Snmp.pas"/>
			<DCCReference Include="JCL\source\common\bzip2.pas"/>
			<DCCReference Include="JCL\source\common\Jcl8087.pas"/>
			<DCCReference Include="JCL\source\common\JclAbstractContainers.pas"/>
			<DCCReference Include="JCL\source\common\JclAlgorithms.pas"/>
			<DCCReference Include="JCL\source\common\JclAnsiStrings.pas"/>
			<DCCReference Include="JCL\source\common\JclArrayLists.pas"/>
			<DCCReference Include="JCL\source\common\JclArraySets.pas"/>
			<DCCReference Include="JCL\source\common\JclBase.pas"/>
			<DCCReference Include="JCL\source\common\JclBinaryTrees.pas"/>
			<DCCReference Include="JCL\source\common\JclCharsets.pas"/>
			<DCCReference Include="JCL\source\common\JclCompilerUtils.pas"/>
			<DCCReference Include="JCL\source\common\JclComplex.pas"/>
			<DCCReference Include="JCL\source\common\JclCompression.pas"/>
			<DCCReference Include="JCL\source\common\JclContainerIntf.pas"/>
			<DCCReference Include="JCL\source\common\JclCounter.pas"/>
			<DCCReference Include="JCL\source\common\JclDateTime.pas"/>
			<DCCReference Include="JCL\source\common\JclDevToolsResources.pas"/>
			<DCCReference Include="JCL\source\common\JclExprEval.pas"/>
			<DCCReference Include="JCL\source\common\JclFileUtils.pas"/>
			<DCCReference Include="JCL\source\common\JclHashMaps.pas"/>
			<DCCReference Include="JCL\source\common\JclHashSets.pas"/>
			<DCCReference Include="JCL\source\common\JclIDEUtils.pas"/>
			<DCCReference Include="JCL\source\common\JclIniFiles.pas"/>
			<DCCReference Include="JCL\source\common\JclLinkedLists.pas"/>
			<DCCReference Include="JCL\source\common\JclLogic.pas"/>
			<DCCReference Include="JCL\source\common\JclMath.pas"/>
			<DCCReference Include="JCL\source\common\JclMIDI.pas"/>
			<DCCReference Include="JCL\source\common\JclMime.pas"/>
			<DCCReference Include="JCL\source\common\JclNotify.pas"/>
			<DCCReference Include="JCL\source\common\JclPCRE.pas"/>
			<DCCReference Include="JCL\source\common\JclPreProcessorAlgorithmsTemplates.pas"/>
			<DCCReference Include="JCL\source\common\JclPreProcessorArrayListsTemplates.pas"/>
			<DCCReference Include="JCL\source\common\JclPreProcessorArraySetsTemplates.pas"/>
			<DCCReference Include="JCL\source\common\JclPreProcessorBinaryTreesTemplates.pas"/>
			<DCCReference Include="JCL\source\common\JclPreProcessorContainer1DTemplates.pas"/>
			<DCCReference Include="JCL\source\common\JclPreProcessorContainer2DTemplates.pas"/>
			<DCCReference Include="JCL\source\common\JclPreProcessorContainerIntfTemplates.pas"/>
			<DCCReference Include="JCL\source\common\JclPreProcessorContainerKnownMaps.pas"/>
			<DCCReference Include="JCL\source\common\JclPreProcessorContainerKnownTypes.pas"/>
			<DCCReference Include="JCL\source\common\JclPreProcessorContainerTemplates.pas"/>
			<DCCReference Include="JCL\source\common\JclPreProcessorContainerTypes.pas"/>
			<DCCReference Include="JCL\source\common\JclPreProcessorExcDlgTemplates.pas"/>
			<DCCReference Include="JCL\source\common\JclPreProcessorHashMapsTemplates.pas"/>
			<DCCReference Include="JCL\source\common\JclPreProcessorLexer.pas"/>
			<DCCReference Include="JCL\source\common\JclPreProcessorLinkedListsTemplates.pas"/>
			<DCCReference Include="JCL\source\common\JclPreProcessorParser.pas"/>
			<DCCReference Include="JCL\source\common\JclPreProcessorQueuesTemplates.pas"/>
			<DCCReference Include="JCL\source\common\JclPreProcessorSortedMapsTemplates.pas"/>
			<DCCReference Include="JCL\source\common\JclPreProcessorStacksTemplates.pas"/>
			<DCCReference Include="JCL\source\common\JclPreProcessorTemplates.pas"/>
			<DCCReference Include="JCL\source\common\JclPreProcessorTreesTemplates.pas"/>
			<DCCReference Include="JCL\source\common\JclPreProcessorVectorsTemplates.pas"/>
			<DCCReference Include="JCL\source\common\JclQueues.pas"/>
			<DCCReference Include="JCL\source\common\JclResources.pas"/>
			<DCCReference Include="JCL\source\common\JclRTTI.pas"/>
			<DCCReference Include="JCL\source\common\JclSchedule.pas"/>
			<DCCReference Include="JCL\source\common\JclSimpleXml.pas"/>
			<DCCReference Include="JCL\source\common\JclSortedMaps.pas"/>
			<DCCReference Include="JCL\source\common\JclStacks.pas"/>
			<DCCReference Include="JCL\source\common\JclStatistics.pas"/>
			<DCCReference Include="JCL\source\common\JclStreams.pas"/>
			<DCCReference Include="JCL\source\common\JclStrHashMap.pas"/>
			<DCCReference Include="JCL\source\common\JclStringConversions.pas"/>
			<DCCReference Include="JCL\source\common\JclStringLists.pas"/>
			<DCCReference Include="JCL\source\common\JclStrings.pas"/>
			<DCCReference Include="JCL\source\common\JclSynch.pas"/>
			<DCCReference Include="JCL\source\common\JclSysInfo.pas"/>
			<DCCReference Include="JCL\source\common\JclSysUtils.pas"/>
			<DCCReference Include="JCL\source\common\JclTrees.pas"/>
			<DCCReference Include="JCL\source\common\JclUnicode.pas"/>
			<DCCReference Include="JCL\source\common\JclUnitConv.pas"/>
			<DCCReference Include="JCL\source\common\JclUnitVersioning.pas"/>
			<DCCReference Include="JCL\source\common\JclUnitVersioningProviders.pas"/>
			<DCCReference Include="JCL\source\common\JclUsesUtils.pas"/>
			<DCCReference Include="JCL\source\common\JclValidation.pas"/>
			<DCCReference Include="JCL\source\common\JclVectors.pas"/>
			<DCCReference Include="JCL\source\common\JclWideStrings.pas"/>
			<DCCReference Include="JCL\source\common\pcre.pas"/>
			<DCCReference Include="JCL\source\common\zlibh.pas"/>
			<None Include="JCL\source\vcl"/>
			<None Include="JCL\source"/>
			<None Include="JCL\source\vcl\dirinfo.txt"/>
			<RcCompile Include="JCL\source\vcl\JclOpenDialog.rc">
				<Form>JclOpenDialog.res</Form>
			</RcCompile>
			<None Include="JCL\source\windows"/>
			<None Include="JCL\source\windows\dirinfo.txt"/>
			<None Include="JCL\source\windows\JclCommCtrlAdmin.manifest"/>
			<RcCompile Include="JCL\source\windows\JclCommCtrlAdmin.rc">
				<Form>JclCommCtrlAdmin.res</Form>
			</RcCompile>
			<None Include="JCL\source\windows\JclCommCtrlAsInvoker.manifest"/>
			<RcCompile Include="JCL\source\windows\JclCommCtrlAsInvoker.rc">
				<Form>JclCommCtrlAsInvoker.res</Form>
			</RcCompile>
			<None Include="JCL\source\windows\JclNoDepAdmin.manifest"/>
			<RcCompile Include="JCL\source\windows\JclNoDepAdmin.rc">
				<Form>JclNoDepAdmin.res</Form>
			</RcCompile>
			<None Include="JCL\source\windows\JclNoDepAsInvoker.manifest"/>
			<RcCompile Include="JCL\source\windows\JclNoDepAsInvoker.rc">
				<Form>JclNoDepAsInvoker.res</Form>
			</RcCompile>
			<None Include="JCL\source\windows\obj"/>
			<None Include="JCL\source\common"/>
			<None Include="JCL\source\common\dirinfo.txt"/>
			<RcCompile Include="JCL\source\common\JclUnicode.rc">
				<Form>JclUnicode.res</Form>
			</RcCompile>
			<RcCompile Include="JCL\source\common\JclUnicodeBzip2.rc">
				<Form>JclUnicodeBzip2.res</Form>
			</RcCompile>
			<RcCompile Include="JCL\source\common\JclUnicodeZLib.rc">
				<Form>JclUnicodeZLib.res</Form>
			</RcCompile>
			<None Include="JCL\source\common\zconf.h"/>
			<None Include="JCL\source\common\zlib.h"/>
			<None Include="JCL\source\include"/>
			<None Include="JCL\source\include\crossplatform.inc"/>
			<None Include="JCL\source\include\jcl.inc"/>
			<None Include="JCL\source\include\jcl.template.inc"/>
			<None Include="JCL\source\include\jclc6.inc"/>
			<None Include="JCL\source\include\jclcs1.inc"/>
			<None Include="JCL\source\include\jcld10.inc"/>
			<None Include="JCL\source\include\jcld11.inc"/>
			<None Include="JCL\source\include\jcld12.inc"/>
			<None Include="JCL\source\include\jcld14.inc"/>
			<None Include="JCL\source\include\jcld15.inc"/>
			<None Include="JCL\source\include\jcld16win32.inc"/>
			<None Include="JCL\source\include\jcld16win64.inc"/>
			<None Include="JCL\source\include\jcld6.inc"/>
			<None Include="JCL\source\include\jcld7.inc"/>
			<None Include="JCL\source\include\jcld8.inc"/>
			<None Include="JCL\source\include\jcld9.inc"/>
			<None Include="JCL\source\include\jclfpc.inc"/>
			<None Include="JCL\source\include\jedi"/>
			<None Include="JCL\source\include\unixonly.inc"/>
			<None Include="JCL\source\include\windowsonly.inc"/>
			<None Include="JCL\source\unix"/>
			<None Include="JCL\source\unix\dirinfo.txt"/>
			<BuildConfiguration Include="Release">
				<Key>Cfg_2</Key>
				<CfgParent>Base</CfgParent>
			</BuildConfiguration>
			<BuildConfiguration Include="Base">
				<Key>Base</Key>
				<DependentOn>..\..\Basic Paths.optset;ThirdyPartyLibs.optset</DependentOn>
			</BuildConfiguration>
			<BuildConfiguration Include="Debug">
				<Key>Cfg_1</Key>
				<CfgParent>Base</CfgParent>
			</BuildConfiguration>
		</ItemGroup>
		<ProjectExtensions>
			<Borland.Personality>Delphi.Personality.12</Borland.Personality>
			<Borland.ProjectType>Package</Borland.ProjectType>
			<BorlandProject>
				<Delphi.Personality>
					<Source>
						<Source Name="MainSource">ThirdPartyLibs.dpk</Source>
					</Source>
					<VersionInfo>
						<VersionInfo Name="IncludeVerInfo">True</VersionInfo>
						<VersionInfo Name="AutoIncBuild">False</VersionInfo>
						<VersionInfo Name="MajorVer">1</VersionInfo>
						<VersionInfo Name="MinorVer">0</VersionInfo>
						<VersionInfo Name="Release">0</VersionInfo>
						<VersionInfo Name="Build">0</VersionInfo>
						<VersionInfo Name="Debug">False</VersionInfo>
						<VersionInfo Name="PreRelease">False</VersionInfo>
						<VersionInfo Name="Special">False</VersionInfo>
						<VersionInfo Name="Private">False</VersionInfo>
						<VersionInfo Name="DLL">False</VersionInfo>
						<VersionInfo Name="Locale">1033</VersionInfo>
						<VersionInfo Name="CodePage">1252</VersionInfo>
					</VersionInfo>
					<VersionInfoKeys>
						<VersionInfoKeys Name="CompanyName"/>
						<VersionInfoKeys Name="FileDescription"/>
						<VersionInfoKeys Name="FileVersion">1.0.0.0</VersionInfoKeys>
						<VersionInfoKeys Name="InternalName"/>
						<VersionInfoKeys Name="LegalCopyright"/>
						<VersionInfoKeys Name="LegalTrademarks"/>
						<VersionInfoKeys Name="OriginalFilename"/>
						<VersionInfoKeys Name="ProductName"/>
						<VersionInfoKeys Name="ProductVersion">1.0.0.0</VersionInfoKeys>
						<VersionInfoKeys Name="Comments"/>
					</VersionInfoKeys>
					<Excluded_Packages>
						<Excluded_Packages Name="$(BDSBIN)\DclMtxCore416.bpl">Dew MtxVec v4</Excluded_Packages>
						<Excluded_Packages Name="$(BDSBIN)\DclMtxDB416.bpl">Dew MtxVec v4 DB</Excluded_Packages>
						<Excluded_Packages Name="$(BDSBIN)\DclSignalTool416.bpl">Dew DSP Master v4</Excluded_Packages>
						<Excluded_Packages Name="S:\Bin\Delphi XE2\bpl\Win32\OmniThreadLibraryDesigntimeXE2.bpl">OmniThreadLibrary designtime</Excluded_Packages>
						<Excluded_Packages Name="S:\Bin\Delphi XE2\bpl\Win32\DragDropDXE2.bpl">Drag and Drop Component Suite</Excluded_Packages>
						<Excluded_Packages Name="S:\Bin\Delphi XE2\bpl\Win32\VamLib_Design.bpl">(untitled)</Excluded_Packages>
						<Excluded_Packages Name="$(BDSBIN)\dcloffice2k160.bpl">Microsoft Office 2000 Sample Automation Server Wrapper Components</Excluded_Packages>
						<Excluded_Packages Name="$(BDSBIN)\dclofficexp160.bpl">Microsoft Office XP Sample Automation Server Wrapper Components</Excluded_Packages>
					</Excluded_Packages>
				</Delphi.Personality>
				<Deployment/>
				<Platforms>
					<Platform value="Win64">False</Platform>
					<Platform value="OSX32">False</Platform>
					<Platform value="Win32">True</Platform>
				</Platforms>
			</BorlandProject>
			<ProjectFileVersion>12</ProjectFileVersion>
		</ProjectExtensions>
		<Import Condition="Exists('$(BDS)\Bin\CodeGear.Delphi.Targets')" Project="$(BDS)\Bin\CodeGear.Delphi.Targets"/>
		<Import Condition="Exists('$(APPDATA)\Embarcadero\$(BDSAPPDATABASEDIR)\$(PRODUCTVERSION)\UserTools.proj')" Project="$(APPDATA)\Embarcadero\$(BDSAPPDATABASEDIR)\$(PRODUCTVERSION)\UserTools.proj"/>
	</Project>
